github.com/kelseyhightower/envconfig v1.4.0 h1:Im6hONhd3pLkfDFsbRgu68RDNkGF1r3dvMUtDTo2cv8=
github.com/kelseyhightower/envconfig v1.4.0/go.mod h1:cccZRl6mQpaq41TPp5QxidR+Sa3axMbJDNb//FQX6Gg=
github.com/tinrab/retry v1.0.0 h1:u1x0cMZszwG44AaEeH8xx3Z1guNt8syzULeOsDhzg9s=
github.com/tinrab/retry v1.0.0/go.mod h1:PWRlqYOz5dCyuZbxKhtQ60GN6OwSLwMxnjMqof4LIso=
